// !$*UTF8*$!
{
	archiveVersion = 1;
	classes = {
	};
	objectVersion = 46;
	objects = {

/* Begin PBXBuildFile section */
		9D3D5BB61F429C55003C0A56 /* MBProgressHUD+LCAdditions.m in Sources */ = {isa = PBXBuildFile; fileRef = 9D3D5BB51F429C55003C0A56 /* MBProgressHUD+LCAdditions.m */; };
		9D3D5BB71F429C55003C0A56 /* MBProgressHUD+LCAdditions.h in CopyFiles */ = {isa = PBXBuildFile; fileRef = 9D3D5BB41F429C55003C0A56 /* MBProgressHUD+LCAdditions.h */; };
		A4589DDF142EE5E0441059E4 /* libPods-MBProgressHUD+LCAdditions.a in Frameworks */ = {isa = PBXBuildFile; fileRef = 64E28487C970002A1C4A48A2 /* libPods-MBProgressHUD+LCAdditions.a */; };
/* End PBXBuildFile section */

/* Begin PBXCopyFilesBuildPhase section */
		9D3D5BAF1F429C55003C0A56 /* CopyFiles */ = {
			isa = PBXCopyFilesBuildPhase;
			buildActionMask = 2147483647;
			dstPath = "include/$(PRODUCT_NAME)";
			dstSubfolderSpec = 16;
			files = (
				9D3D5BB71F429C55003C0A56 /* MBProgressHUD+LCAdditions.h in CopyFiles */,
			);
			runOnlyForDeploymentPostprocessing = 0;
		};
/* End PBXCopyFilesBuildPhase section */

/* Begin PBXFileReference section */
		64E28487C970002A1C4A48A2 /* libPods-MBProgressHUD+LCAdditions.a */ = {isa = PBXFileReference; explicitFileType = archive.ar; includeInIndex = 0; path = "libPods-MBProgressHUD+LCAdditions.a"; sourceTree = BUILT_PRODUCTS_DIR; };
		83225A41FBD1B9596BB545DD /* Pods-MBProgressHUD+LCAdditions.release.xcconfig */ = {isa = PBXFileReference; includeInIndex = 1; lastKnownFileType = text.xcconfig; name = "Pods-MBProgressHUD+LCAdditions.release.xcconfig"; path = "Pods/Target Support Files/Pods-MBProgressHUD+LCAdditions/Pods-MBProgressHUD+LCAdditions.release.xcconfig"; sourceTree = "<group>"; };
		9D3D5BB11F429C55003C0A56 /* libMBProgressHUD+LCAdditions.a */ = {isa = PBXFileReference; explicitFileType = archive.ar; includeInIndex = 0; path = "libMBProgressHUD+LCAdditions.a"; sourceTree = BUILT_PRODUCTS_DIR; };
		9D3D5BB41F429C55003C0A56 /* MBProgressHUD+LCAdditions.h */ = {isa = PBXFileReference; lastKnownFileType = sourcecode.c.h; path = "MBProgressHUD+LCAdditions.h"; sourceTree = "<group>"; };
		9D3D5BB51F429C55003C0A56 /* MBProgressHUD+LCAdditions.m */ = {isa = PBXFileReference; lastKnownFileType = sourcecode.c.objc; path = "MBProgressHUD+LCAdditions.m"; sourceTree = "<group>"; };
		9D3D5BBD1F429D26003C0A56 /* MBProgressHUD+LCAdditions.bundle */ = {isa = PBXFileReference; lastKnownFileType = "wrapper.plug-in"; path = "MBProgressHUD+LCAdditions.bundle"; sourceTree = "<group>"; };
		ABB0D0528F6EF095D8564F51 /* Pods-MBProgressHUD+LCAdditions.debug.xcconfig */ = {isa = PBXFileReference; includeInIndex = 1; lastKnownFileType = text.xcconfig; name = "Pods-MBProgressHUD+LCAdditions.debug.xcconfig"; path = "Pods/Target Support Files/Pods-MBProgressHUD+LCAdditions/Pods-MBProgressHUD+LCAdditions.debug.xcconfig"; sourceTree = "<group>"; };
/* End PBXFileReference section */

/* Begin PBXFrameworksBuildPhase section */
		9D3D5BAE1F429C55003C0A56 /* Frameworks */ = {
			isa = PBXFrameworksBuildPhase;
			buildActionMask = 2147483647;
			files = (
				A4589DDF142EE5E0441059E4 /* libPods-MBProgressHUD+LCAdditions.a in Frameworks */,
			);
			runOnlyForDeploymentPostprocessing = 0;
		};
/* End PBXFrameworksBuildPhase section */

/* Begin PBXGroup section */
		0EB174E2F2EE340E957CD5B0 /* Frameworks */ = {
			isa = PBXGroup;
			children = (
				64E28487C970002A1C4A48A2 /* libPods-MBProgressHUD+LCAdditions.a */,
			);
			name = Frameworks;
			sourceTree = "<group>";
		};
		9D3D5BA81F429C55003C0A56 = {
			isa = PBXGroup;
			children = (
				9D3D5BB31F429C55003C0A56 /* MBProgressHUD+LCAdditions */,
				9D3D5BB21F429C55003C0A56 /* Products */,
				B0C40E4C874719BF745356E7 /* Pods */,
				0EB174E2F2EE340E957CD5B0 /* Frameworks */,
			);
			sourceTree = "<group>";
		};
		9D3D5BB21F429C55003C0A56 /* Products */ = {
			isa = PBXGroup;
			children = (
				9D3D5BB11F429C55003C0A56 /* libMBProgressHUD+LCAdditions.a */,
			);
			name = Products;
			sourceTree = "<group>";
		};
		9D3D5BB31F429C55003C0A56 /* MBProgressHUD+LCAdditions */ = {
			isa = PBXGroup;
			children = (
				9D3D5BB41F429C55003C0A56 /* MBProgressHUD+LCAdditions.h */,
				9D3D5BB51F429C55003C0A56 /* MBProgressHUD+LCAdditions.m */,
				9D3D5BBD1F429D26003C0A56 /* MBProgressHUD+LCAdditions.bundle */,
			);
			path = "MBProgressHUD+LCAdditions";
			sourceTree = "<group>";
		};
		B0C40E4C874719BF745356E7 /* Pods */ = {
			isa = PBXGroup;
			children = (
				ABB0D0528F6EF095D8564F51 /* Pods-MBProgressHUD+LCAdditions.debug.xcconfig */,
				83225A41FBD1B9596BB545DD /* Pods-MBProgressHUD+LCAdditions.release.xcconfig */,
			);
			name = Pods;
			sourceTree = "<group>";
		};
/* End PBXGroup section */

/* Begin PBXNativeTarget section */
		9D3D5BB01F429C55003C0A56 /* MBProgressHUD+LCAdditions */ = {
			isa = PBXNativeTarget;
			buildConfigurationList = 9D3D5BBA1F429C55003C0A56 /* Build configuration list for PBXNativeTarget "MBProgressHUD+LCAdditions" */;
			buildPhases = (
				82F579CC4D2ECCB99E75BC41 /* [CP] Check Pods Manifest.lock */,
				9D3D5BAD1F429C55003C0A56 /* Sources */,
				9D3D5BAE1F429C55003C0A56 /* Frameworks */,
				9D3D5BAF1F429C55003C0A56 /* CopyFiles */,
				7AFF5BC27A56616F372476BF /* [CP] Copy Pods Resources */,
			);
			buildRules = (
			);
			dependencies = (
			);
			name = "MBProgressHUD+LCAdditions";
			productName = "MBProgressHUD+LCAdditions";
			productReference = 9D3D5BB11F429C55003C0A56 /* libMBProgressHUD+LCAdditions.a */;
			productType = "com.apple.product-type.library.static";
		};
/* End PBXNativeTarget section */

/* Begin PBXProject section */
		9D3D5BA91F429C55003C0A56 /* Project object */ = {
			isa = PBXProject;
			attributes = {
				LastUpgradeCheck = 0830;
				ORGANIZATIONNAME = lichao;
				TargetAttributes = {
					9D3D5BB01F429C55003C0A56 = {
						CreatedOnToolsVersion = 8.3.1;
						DevelopmentTeam = 743Y9377LW;
						ProvisioningStyle = Automatic;
					};
				};
			};
			buildConfigurationList = 9D3D5BAC1F429C55003C0A56 /* Build configuration list for PBXProject "MBProgressHUD+LCAdditions" */;
			compatibilityVersion = "Xcode 3.2";
			developmentRegion = English;
			hasScannedForEncodings = 0;
			knownRegions = (
				en,
			);
			mainGroup = 9D3D5BA81F429C55003C0A56;
			productRefGroup = 9D3D5BB21F429C55003C0A56 /* Products */;
			projectDirPath = "";
			projectRoot = "";
			targets = (
				9D3D5BB01F429C55003C0A56 /* MBProgressHUD+LCAdditions */,
			);
		};
/* End PBXProject section */

/* Begin PBXShellScriptBuildPhase section */
		7AFF5BC27A56616F372476BF /* [CP] Copy Pods Resources */ = {
			isa = PBXShellScriptBuildPhase;
			buildActionMask = 2147483647;
			files = (
			);
			inputPaths = (
			);
			name = "[CP] Copy Pods Resources";
			outputPaths = (
			);
			runOnlyForDeploymentPostprocessing = 0;
			shellPath = /bin/sh;
			shellScript = "\"${SRCROOT}/Pods/Target Support Files/Pods-MBProgressHUD+LCAdditions/Pods-MBProgressHUD+LCAdditions-resources.sh\"\n";
			showEnvVarsInLog = 0;
		};
		82F579CC4D2ECCB99E75BC41 /* [CP] Check Pods Manifest.lock */ = {
			isa = PBXShellScriptBuildPhase;
			buildActionMask = 2147483647;
			files = (
			);
			inputPaths = (
			);
			name = "[CP] Check Pods Manifest.lock";
			outputPaths = (
			);
			runOnlyForDeploymentPostprocessing = 0;
			shellPath = /bin/sh;
			shellScript = "diff \"${PODS_ROOT}/../Podfile.lock\" \"${PODS_ROOT}/Manifest.lock\" > /dev/null\nif [[ $? != 0 ]] ; then\n    cat << EOM\nerror: The sandbox is not in sync with the Podfile.lock. Run 'pod install' or update your CocoaPods installation.\nEOM\n    exit 1\nfi\n";
			showEnvVarsInLog = 0;
		};
/* End PBXShellScriptBuildPhase section */

/* Begin PBXSourcesBuildPhase section */
		9D3D5BAD1F429C55003C0A56 /* Sources */ = {
			isa = PBXSourcesBuildPhase;
			buildActionMask = 2147483647;
			files = (
				9D3D5BB61F429C55003C0A56 /* MBProgressHUD+LCAdditions.m in Sources */,
			);
			runOnlyForDeploymentPostprocessing = 0;
		};
/* End PBXSourcesBuildPhase section */

/* Begin XCBuildConfiguration section */
		9D3D5BB81F429C55003C0A56 /* Debug */ = {
			isa = XCBuildConfiguration;
			buildSettings = {
				ALWAYS_SEARCH_USER_PATHS = NO;
				CLANG_ANALYZER_NONNULL = YES;
				CLANG_ANALYZER_NUMBER_OBJECT_CONVERSION = YES_AGGRESSIVE;
				CLANG_CXX_LANGUAGE_STANDARD = "gnu++0x";
				CLANG_CXX_LIBRARY = "libc++";
				CLANG_ENABLE_MODULES = YES;
				CLANG_ENABLE_OBJC_ARC = YES;
				CLANG_WARN_BOOL_CONVERSION = YES;
				CLANG_WARN_CONSTANT_CONVERSION = YES;
				CLANG_WARN_DIRECT_OBJC_ISA_USAGE = YES_ERROR;
				CLANG_WARN_DOCUMENTATION_COMMENTS = YES;
				CLANG_WARN_EMPTY_BODY = YES;
				CLANG_WARN_ENUM_CONVERSION = YES;
				CLANG_WARN_INFINITE_RECURSION = YES;
				CLANG_WARN_INT_CONVERSION = YES;
				CLANG_WARN_OBJC_ROOT_CLASS = YES_ERROR;
				CLANG_WARN_SUSPICIOUS_MOVE = YES;
				CLANG_WARN_UNREACHABLE_CODE = YES;
				CLANG_WARN__DUPLICATE_METHOD_MATCH = YES;
				"CODE_SIGN_IDENTITY[sdk=iphoneos*]" = "iPhone Developer";
				COPY_PHASE_STRIP = NO;
				DEBUG_INFORMATION_FORMAT = dwarf;
				ENABLE_STRICT_OBJC_MSGSEND = YES;
				ENABLE_TESTABILITY = YES;
				GCC_C_LANGUAGE_STANDARD = gnu99;
				GCC_DYNAMIC_NO_PIC = NO;
				GCC_NO_COMMON_BLOCKS = YES;
				GCC_OPTIMIZATION_LEVEL = 0;
				GCC_PREPROCESSOR_DEFINITIONS = (
					"DEBUG=1",
					"$(inherited)",
				);
				GCC_WARN_64_TO_32_BIT_CONVERSION = YES;
				GCC_WARN_ABOUT_RETURN_TYPE = YES_ERROR;
				GCC_WARN_UNDECLARED_SELECTOR = YES;
				GCC_WARN_UNINITIALIZED_AUTOS = YES_AGGRESSIVE;
				GCC_WARN_UNUSED_FUNCTION = YES;
				GCC_WARN_UNUSED_VARIABLE = YES;
				IPHONEOS_DEPLOYMENT_TARGET = 10.3;
				MTL_ENABLE_DEBUG_INFO = YES;
				ONLY_ACTIVE_ARCH = YES;
				SDKROOT = iphoneos;
			};
			name = Debug;
		};
		9D3D5BB91F429C55003C0A56 /* Release */ = {
			isa = XCBuildConfiguration;
			buildSettings = {
				ALWAYS_SEARCH_USER_PATHS = NO;
				CLANG_ANALYZER_NONNULL = YES;
				CLANG_ANALYZER_NUMBER_OBJECT_CONVERSION = YES_AGGRESSIVE;
				CLANG_CXX_LANGUAGE_STANDARD = "gnu++0x";
				CLANG_CXX_LIBRARY = "libc++";
				CLANG_ENABLE_MODULES = YES;
				CLANG_ENABLE_OBJC_ARC = YES;
				CLANG_WARN_BOOL_CONVERSION = YES;
				CLANG_WARN_CONSTANT_CONVERSION = YES;
				CLANG_WARN_DIRECT_OBJC_ISA_USAGE = YES_ERROR;
				CLANG_WARN_DOCUMENTATION_COMMENTS = YES;
				CLANG_WARN_EMPTY_BODY = YES;
				CLANG_WARN_ENUM_CONVERSION = YES;
				CLANG_WARN_INFINITE_RECURSION = YES;
				CLANG_WARN_INT_CONVERSION = YES;
				CLANG_WARN_OBJC_ROOT_CLASS = YES_ERROR;
				CLANG_WARN_SUSPICIOUS_MOVE = YES;
				CLANG_WARN_UNREACHABLE_CODE = YES;
				CLANG_WARN__DUPLICATE_METHOD_MATCH = YES;
				"CODE_SIGN_IDENTITY[sdk=iphoneos*]" = "iPhone Developer";
				COPY_PHASE_STRIP = NO;
				DEBUG_INFORMATION_FORMAT = "dwarf-with-dsym";
				ENABLE_NS_ASSERTIONS = NO;
				ENABLE_STRICT_OBJC_MSGSEND = YES;
				GCC_C_LANGUAGE_STANDARD = gnu99;
				GCC_NO_COMMON_BLOCKS = YES;
				GCC_WARN_64_TO_32_BIT_CONVERSION = YES;
				GCC_WARN_ABOUT_RETURN_TYPE = YES_ERROR;
				GCC_WARN_UNDECLARED_SELECTOR = YES;
				GCC_WARN_UNINITIALIZED_AUTOS = YES_AGGRESSIVE;
				GCC_WARN_UNUSED_FUNCTION = YES;
				GCC_WARN_UNUSED_VARIABLE = YES;
				IPHONEOS_DEPLOYMENT_TARGET = 10.3;
				MTL_ENABLE_DEBUG_INFO = NO;
				SDKROOT = iphoneos;
				VALIDATE_PRODUCT = YES;
			};
			name = Release;
		};
		9D3D5BBB1F429C55003C0A56 /* Debug */ = {
			isa = XCBuildConfiguration;
			baseConfigurationReference = ABB0D0528F6EF095D8564F51 /* Pods-MBProgressHUD+LCAdditions.debug.xcconfig */;
			buildSettings = {
				DEVELOPMENT_TEAM = 743Y9377LW;
				OTHER_LDFLAGS = "-ObjC";
				PRODUCT_NAME = "$(TARGET_NAME)";
				SKIP_INSTALL = YES;
			};
			name = Debug;
		};
		9D3D5BBC1F429C55003C0A56 /* Release */ = {
			isa = XCBuildConfiguration;
			baseConfigurationReference = 83225A41FBD1B9596BB545DD /* Pods-MBProgressHUD+LCAdditions.release.xcconfig */;
			buildSettings = {
				DEVELOPMENT_TEAM = 743Y9377LW;
				OTHER_LDFLAGS = "-ObjC";
				PRODUCT_NAME = "$(TARGET_NAME)";
				SKIP_INSTALL = YES;
			};
			name = Release;
		};
/* End XCBuildConfiguration section */

/* Begin XCConfigurationList section */
		9D3D5BAC1F429C55003C0A56 /* Build configuration list for PBXProject "MBProgressHUD+LCAdditions" */ = {
			isa = XCConfigurationList;
			buildConfigurations = (
				9D3D5BB81F429C55003C0A56 /* Debug */,
				9D3D5BB91F429C55003C0A56 /* Release */,
			);
			defaultConfigurationIsVisible = 0;
			defaultConfigurationName = Release;
		};
		9D3D5BBA1F429C55003C0A56 /* Build configuration list for PBXNativeTarget "MBProgressHUD+LCAdditions" */ = {
			isa = XCConfigurationList;
			buildConfigurations = (
				9D3D5BBB1F429C55003C0A56 /* Debug */,
				9D3D5BBC1F429C55003C0A56 /* Release */,
			);
			defaultConfigurationIsVisible = 0;
			defaultConfigurationName = Release;
		};
/* End XCConfigurationList section */
	};
	rootObject = 9D3D5BA91F429C55003C0A56 /* Project object */;
}
